
Microsoft Visual Studio Solution File, Format Version 12.00
# Visual Studio Version 17
VisualStudioVersion = 17.0.31903.59
MinimumVisualStudioVersion = 10.0.40219.1
Project("{FAE04EC0-301F-11D3-BF4B-00C04F79EFBC}") = "Vocabulary", "Vocabulary\Vocabulary.csproj", "{9A4CFCF7-138D-49B8-8669-09655E2E29E3}"
EndProject
Project("{FAE04EC0-301F-11D3-BF4B-00C04F79EFBC}") = "Numbers", "Numbers\Numbers.csproj", "{681A7DDF-2758-417B-882A-52B216489978}"
EndProject
Project("{FAE04EC0-301F-11D3-BF4B-00C04F79EFBC}") = "Variables", "Variables\Variables.csproj", "{E0FBA259-EC49-4E90-8D79-B66CBE05FC75}"
EndProject
Project("{FAE04EC0-301F-11D3-BF4B-00C04F79EFBC}") = "Formatting", "Formatting\Formatting.csproj", "{304B87C8-E8D0-4097-8E3E-36211347A956}"
EndProject
Project("{FAE04EC0-301F-11D3-BF4B-00C04F79EFBC}") = "Arguments", "Arguments\Arguments.csproj", "{B2F4FE0D-67A9-4563-9567-F26642B1CB27}"
EndProject
Global
	GlobalSection(SolutionConfigurationPlatforms) = preSolution
		Debug|Any CPU = Debug|Any CPU
		Release|Any CPU = Release|Any CPU
	EndGlobalSection
	GlobalSection(SolutionProperties) = preSolution
		HideSolutionNode = FALSE
	EndGlobalSection
	GlobalSection(ProjectConfigurationPlatforms) = postSolution
		{9A4CFCF7-138D-49B8-8669-09655E2E29E3}.Debug|Any CPU.ActiveCfg = Debug|Any CPU
		{9A4CFCF7-138D-49B8-8669-09655E2E29E3}.Debug|Any CPU.Build.0 = Debug|Any CPU
		{9A4CFCF7-138D-49B8-8669-09655E2E29E3}.Release|Any CPU.ActiveCfg = Release|Any CPU
		{9A4CFCF7-138D-49B8-8669-09655E2E29E3}.Release|Any CPU.Build.0 = Release|Any CPU
		{681A7DDF-2758-417B-882A-52B216489978}.Debug|Any CPU.ActiveCfg = Debug|Any CPU
		{681A7DDF-2758-417B-882A-52B216489978}.Debug|Any CPU.Build.0 = Debug|Any CPU
		{681A7DDF-2758-417B-882A-52B216489978}.Release|Any CPU.ActiveCfg = Release|Any CPU
		{681A7DDF-2758-417B-882A-52B216489978}.Release|Any CPU.Build.0 = Release|Any CPU
		{E0FBA259-EC49-4E90-8D79-B66CBE05FC75}.Debug|Any CPU.ActiveCfg = Debug|Any CPU
		{E0FBA259-EC49-4E90-8D79-B66CBE05FC75}.Debug|Any CPU.Build.0 = Debug|Any CPU
		{E0FBA259-EC49-4E90-8D79-B66CBE05FC75}.Release|Any CPU.ActiveCfg = Release|Any CPU
		{E0FBA259-EC49-4E90-8D79-B66CBE05FC75}.Release|Any CPU.Build.0 = Release|Any CPU
		{304B87C8-E8D0-4097-8E3E-36211347A956}.Debug|Any CPU.ActiveCfg = Debug|Any CPU
		{304B87C8-E8D0-4097-8E3E-36211347A956}.Debug|Any CPU.Build.0 = Debug|Any CPU
		{304B87C8-E8D0-4097-8E3E-36211347A956}.Release|Any CPU.ActiveCfg = Release|Any CPU
		{304B87C8-E8D0-4097-8E3E-36211347A956}.Release|Any CPU.Build.0 = Release|Any CPU
		{B2F4FE0D-67A9-4563-9567-F26642B1CB27}.Debug|Any CPU.ActiveCfg = Debug|Any CPU
		{B2F4FE0D-67A9-4563-9567-F26642B1CB27}.Debug|Any CPU.Build.0 = Debug|Any CPU
		{B2F4FE0D-67A9-4563-9567-F26642B1CB27}.Release|Any CPU.ActiveCfg = Release|Any CPU
		{B2F4FE0D-67A9-4563-9567-F26642B1CB27}.Release|Any CPU.Build.0 = Release|Any CPU
	EndGlobalSection
EndGlobal
