
Microsoft Visual Studio Solution File, Format Version 12.00
# Visual Studio Version 17
VisualStudioVersion = 17.0.31903.59
MinimumVisualStudioVersion = 10.0.40219.1
Project("{FAE04EC0-301F-11D3-BF4B-00C04F79EFBC}") = "WorkingWithNumbers", "WorkingWithNumbers\WorkingWithNumbers.csproj", "{EAAF9E38-BD41-4DBE-AFC1-98BE02BED281}"
EndProject
Project("{FAE04EC0-301F-11D3-BF4B-00C04F79EFBC}") = "WorkingWithText", "WorkingWithText\WorkingWithText.csproj", "{5706AACC-BC9A-416C-8513-4E8E61BC55C6}"
EndProject
Project("{FAE04EC0-301F-11D3-BF4B-00C04F79EFBC}") = "WorkingWithRegularExpressions", "WorkingWithRegularExpressions\WorkingWithRegularExpressions.csproj", "{DFFB7ED2-48D5-4110-9412-F6BCE725DABF}"
EndProject
Project("{FAE04EC0-301F-11D3-BF4B-00C04F79EFBC}") = "WorkingWithCollections", "WorkingWithCollections\WorkingWithCollections.csproj", "{BF1CC0F5-1DDC-4EF5-BB64-F2CEFBEF0AD2}"
EndProject
Project("{FAE04EC0-301F-11D3-BF4B-00C04F79EFBC}") = "WorkingWithRanges", "WorkingWithRanges\WorkingWithRanges.csproj", "{4F84FF6F-35B2-4479-9AFC-EEFB0DD22285}"
EndProject
Global
	GlobalSection(SolutionConfigurationPlatforms) = preSolution
		Debug|Any CPU = Debug|Any CPU
		Release|Any CPU = Release|Any CPU
	EndGlobalSection
	GlobalSection(SolutionProperties) = preSolution
		HideSolutionNode = FALSE
	EndGlobalSection
	GlobalSection(ProjectConfigurationPlatforms) = postSolution
		{EAAF9E38-BD41-4DBE-AFC1-98BE02BED281}.Debug|Any CPU.ActiveCfg = Debug|Any CPU
		{EAAF9E38-BD41-4DBE-AFC1-98BE02BED281}.Debug|Any CPU.Build.0 = Debug|Any CPU
		{EAAF9E38-BD41-4DBE-AFC1-98BE02BED281}.Release|Any CPU.ActiveCfg = Release|Any CPU
		{EAAF9E38-BD41-4DBE-AFC1-98BE02BED281}.Release|Any CPU.Build.0 = Release|Any CPU
		{5706AACC-BC9A-416C-8513-4E8E61BC55C6}.Debug|Any CPU.ActiveCfg = Debug|Any CPU
		{5706AACC-BC9A-416C-8513-4E8E61BC55C6}.Debug|Any CPU.Build.0 = Debug|Any CPU
		{5706AACC-BC9A-416C-8513-4E8E61BC55C6}.Release|Any CPU.ActiveCfg = Release|Any CPU
		{5706AACC-BC9A-416C-8513-4E8E61BC55C6}.Release|Any CPU.Build.0 = Release|Any CPU
		{DFFB7ED2-48D5-4110-9412-F6BCE725DABF}.Debug|Any CPU.ActiveCfg = Debug|Any CPU
		{DFFB7ED2-48D5-4110-9412-F6BCE725DABF}.Debug|Any CPU.Build.0 = Debug|Any CPU
		{DFFB7ED2-48D5-4110-9412-F6BCE725DABF}.Release|Any CPU.ActiveCfg = Release|Any CPU
		{DFFB7ED2-48D5-4110-9412-F6BCE725DABF}.Release|Any CPU.Build.0 = Release|Any CPU
		{BF1CC0F5-1DDC-4EF5-BB64-F2CEFBEF0AD2}.Debug|Any CPU.ActiveCfg = Debug|Any CPU
		{BF1CC0F5-1DDC-4EF5-BB64-F2CEFBEF0AD2}.Debug|Any CPU.Build.0 = Debug|Any CPU
		{BF1CC0F5-1DDC-4EF5-BB64-F2CEFBEF0AD2}.Release|Any CPU.ActiveCfg = Release|Any CPU
		{BF1CC0F5-1DDC-4EF5-BB64-F2CEFBEF0AD2}.Release|Any CPU.Build.0 = Release|Any CPU
		{4F84FF6F-35B2-4479-9AFC-EEFB0DD22285}.Debug|Any CPU.ActiveCfg = Debug|Any CPU
		{4F84FF6F-35B2-4479-9AFC-EEFB0DD22285}.Debug|Any CPU.Build.0 = Debug|Any CPU
		{4F84FF6F-35B2-4479-9AFC-EEFB0DD22285}.Release|Any CPU.ActiveCfg = Release|Any CPU
		{4F84FF6F-35B2-4479-9AFC-EEFB0DD22285}.Release|Any CPU.Build.0 = Release|Any CPU
	EndGlobalSection
EndGlobal
