
Microsoft Visual Studio Solution File, Format Version 12.00
# Visual Studio Version 17
VisualStudioVersion = 17.0.31903.59
MinimumVisualStudioVersion = 10.0.40219.1
Project("{FAE04EC0-301F-11D3-BF4B-00C04F79EFBC}") = "TopLevelFunctions", "TopLevelFunctions\TopLevelFunctions.csproj", "{86CF03FA-C830-4A02-B00C-E69990DD2EC2}"
EndProject
Project("{FAE04EC0-301F-11D3-BF4B-00C04F79EFBC}") = "WritingFunctions", "WritingFunctions\WritingFunctions.csproj", "{FDCD4C76-9FA2-4BD3-8816-DCE1F4A2F106}"
EndProject
Project("{FAE04EC0-301F-11D3-BF4B-00C04F79EFBC}") = "Debugging", "Debugging\Debugging.csproj", "{A630D6FA-AC71-4EE0-956F-2F08F66E1AF5}"
EndProject
Project("{FAE04EC0-301F-11D3-BF4B-00C04F79EFBC}") = "HotReloading", "HotReloading\HotReloading.csproj", "{67FEAC93-35C6-4770-A4C3-B66B1D9A35DF}"
EndProject
Project("{FAE04EC0-301F-11D3-BF4B-00C04F79EFBC}") = "Instrumenting", "Instrumenting\Instrumenting.csproj", "{FBC8E343-3FD5-4EB7-AF83-E3EF01C81E2F}"
EndProject
Global
	GlobalSection(SolutionConfigurationPlatforms) = preSolution
		Debug|Any CPU = Debug|Any CPU
		Release|Any CPU = Release|Any CPU
	EndGlobalSection
	GlobalSection(SolutionProperties) = preSolution
		HideSolutionNode = FALSE
	EndGlobalSection
	GlobalSection(ProjectConfigurationPlatforms) = postSolution
		{86CF03FA-C830-4A02-B00C-E69990DD2EC2}.Debug|Any CPU.ActiveCfg = Debug|Any CPU
		{86CF03FA-C830-4A02-B00C-E69990DD2EC2}.Debug|Any CPU.Build.0 = Debug|Any CPU
		{86CF03FA-C830-4A02-B00C-E69990DD2EC2}.Release|Any CPU.ActiveCfg = Release|Any CPU
		{86CF03FA-C830-4A02-B00C-E69990DD2EC2}.Release|Any CPU.Build.0 = Release|Any CPU
		{FDCD4C76-9FA2-4BD3-8816-DCE1F4A2F106}.Debug|Any CPU.ActiveCfg = Debug|Any CPU
		{FDCD4C76-9FA2-4BD3-8816-DCE1F4A2F106}.Debug|Any CPU.Build.0 = Debug|Any CPU
		{FDCD4C76-9FA2-4BD3-8816-DCE1F4A2F106}.Release|Any CPU.ActiveCfg = Release|Any CPU
		{FDCD4C76-9FA2-4BD3-8816-DCE1F4A2F106}.Release|Any CPU.Build.0 = Release|Any CPU
		{A630D6FA-AC71-4EE0-956F-2F08F66E1AF5}.Debug|Any CPU.ActiveCfg = Debug|Any CPU
		{A630D6FA-AC71-4EE0-956F-2F08F66E1AF5}.Debug|Any CPU.Build.0 = Debug|Any CPU
		{A630D6FA-AC71-4EE0-956F-2F08F66E1AF5}.Release|Any CPU.ActiveCfg = Release|Any CPU
		{A630D6FA-AC71-4EE0-956F-2F08F66E1AF5}.Release|Any CPU.Build.0 = Release|Any CPU
		{67FEAC93-35C6-4770-A4C3-B66B1D9A35DF}.Debug|Any CPU.ActiveCfg = Debug|Any CPU
		{67FEAC93-35C6-4770-A4C3-B66B1D9A35DF}.Debug|Any CPU.Build.0 = Debug|Any CPU
		{67FEAC93-35C6-4770-A4C3-B66B1D9A35DF}.Release|Any CPU.ActiveCfg = Release|Any CPU
		{67FEAC93-35C6-4770-A4C3-B66B1D9A35DF}.Release|Any CPU.Build.0 = Release|Any CPU
		{FBC8E343-3FD5-4EB7-AF83-E3EF01C81E2F}.Debug|Any CPU.ActiveCfg = Debug|Any CPU
		{FBC8E343-3FD5-4EB7-AF83-E3EF01C81E2F}.Debug|Any CPU.Build.0 = Debug|Any CPU
		{FBC8E343-3FD5-4EB7-AF83-E3EF01C81E2F}.Release|Any CPU.ActiveCfg = Release|Any CPU
		{FBC8E343-3FD5-4EB7-AF83-E3EF01C81E2F}.Release|Any CPU.Build.0 = Release|Any CPU
	EndGlobalSection
EndGlobal
