
Microsoft Visual Studio Solution File, Format Version 12.00
# Visual Studio Version 17
VisualStudioVersion = 17.0.31903.59
MinimumVisualStudioVersion = 10.0.40219.1
Project("{FAE04EC0-301F-11D3-BF4B-00C04F79EFBC}") = "TopLevelFunctions", "TopLevelFunctions\TopLevelFunctions.csproj", "{1D02CD80-5EC8-4F99-BD6F-E050BE1BA7D4}"
EndProject
Project("{FAE04EC0-301F-11D3-BF4B-00C04F79EFBC}") = "WritingFunctions", "WritingFunctions\WritingFunctions.csproj", "{940FF104-BB3F-47A5-A4EF-439D0B987228}"
EndProject
Project("{FAE04EC0-301F-11D3-BF4B-00C04F79EFBC}") = "Debugging", "Debugging\Debugging.csproj", "{BC6C0B03-5C98-4395-81B8-90A82BECFDEE}"
EndProject
Project("{FAE04EC0-301F-11D3-BF4B-00C04F79EFBC}") = "HotReloading", "HotReloading\HotReloading.csproj", "{1CDEF6CB-F38C-4EED-AE13-4DBDEC241691}"
EndProject
Project("{FAE04EC0-301F-11D3-BF4B-00C04F79EFBC}") = "Instrumenting", "Instrumenting\Instrumenting.csproj", "{24FF4FF5-3001-42F4-A15B-690FEEDAA98F}"
EndProject
Project("{FAE04EC0-301F-11D3-BF4B-00C04F79EFBC}") = "CalculatorLib", "CalculatorLib\CalculatorLib.csproj", "{2A349624-D7DE-4527-BA40-2AC13782C47D}"
EndProject
Global
	GlobalSection(SolutionConfigurationPlatforms) = preSolution
		Debug|Any CPU = Debug|Any CPU
		Release|Any CPU = Release|Any CPU
	EndGlobalSection
	GlobalSection(SolutionProperties) = preSolution
		HideSolutionNode = FALSE
	EndGlobalSection
	GlobalSection(ProjectConfigurationPlatforms) = postSolution
		{1D02CD80-5EC8-4F99-BD6F-E050BE1BA7D4}.Debug|Any CPU.ActiveCfg = Debug|Any CPU
		{1D02CD80-5EC8-4F99-BD6F-E050BE1BA7D4}.Debug|Any CPU.Build.0 = Debug|Any CPU
		{1D02CD80-5EC8-4F99-BD6F-E050BE1BA7D4}.Release|Any CPU.ActiveCfg = Release|Any CPU
		{1D02CD80-5EC8-4F99-BD6F-E050BE1BA7D4}.Release|Any CPU.Build.0 = Release|Any CPU
		{940FF104-BB3F-47A5-A4EF-439D0B987228}.Debug|Any CPU.ActiveCfg = Debug|Any CPU
		{940FF104-BB3F-47A5-A4EF-439D0B987228}.Debug|Any CPU.Build.0 = Debug|Any CPU
		{940FF104-BB3F-47A5-A4EF-439D0B987228}.Release|Any CPU.ActiveCfg = Release|Any CPU
		{940FF104-BB3F-47A5-A4EF-439D0B987228}.Release|Any CPU.Build.0 = Release|Any CPU
		{BC6C0B03-5C98-4395-81B8-90A82BECFDEE}.Debug|Any CPU.ActiveCfg = Debug|Any CPU
		{BC6C0B03-5C98-4395-81B8-90A82BECFDEE}.Debug|Any CPU.Build.0 = Debug|Any CPU
		{BC6C0B03-5C98-4395-81B8-90A82BECFDEE}.Release|Any CPU.ActiveCfg = Release|Any CPU
		{BC6C0B03-5C98-4395-81B8-90A82BECFDEE}.Release|Any CPU.Build.0 = Release|Any CPU
		{1CDEF6CB-F38C-4EED-AE13-4DBDEC241691}.Debug|Any CPU.ActiveCfg = Debug|Any CPU
		{1CDEF6CB-F38C-4EED-AE13-4DBDEC241691}.Debug|Any CPU.Build.0 = Debug|Any CPU
		{1CDEF6CB-F38C-4EED-AE13-4DBDEC241691}.Release|Any CPU.ActiveCfg = Release|Any CPU
		{1CDEF6CB-F38C-4EED-AE13-4DBDEC241691}.Release|Any CPU.Build.0 = Release|Any CPU
		{24FF4FF5-3001-42F4-A15B-690FEEDAA98F}.Debug|Any CPU.ActiveCfg = Debug|Any CPU
		{24FF4FF5-3001-42F4-A15B-690FEEDAA98F}.Debug|Any CPU.Build.0 = Debug|Any CPU
		{24FF4FF5-3001-42F4-A15B-690FEEDAA98F}.Release|Any CPU.ActiveCfg = Release|Any CPU
		{24FF4FF5-3001-42F4-A15B-690FEEDAA98F}.Release|Any CPU.Build.0 = Release|Any CPU
		{2A349624-D7DE-4527-BA40-2AC13782C47D}.Debug|Any CPU.ActiveCfg = Debug|Any CPU
		{2A349624-D7DE-4527-BA40-2AC13782C47D}.Debug|Any CPU.Build.0 = Debug|Any CPU
		{2A349624-D7DE-4527-BA40-2AC13782C47D}.Release|Any CPU.ActiveCfg = Release|Any CPU
		{2A349624-D7DE-4527-BA40-2AC13782C47D}.Release|Any CPU.Build.0 = Release|Any CPU
	EndGlobalSection
EndGlobal
