
Microsoft Visual Studio Solution File, Format Version 12.00
# Visual Studio Version 17
VisualStudioVersion = 17.0.31903.59
MinimumVisualStudioVersion = 10.0.40219.1
Project("{FAE04EC0-301F-11D3-BF4B-00C04F79EFBC}") = "Operators", "Operators\Operators.csproj", "{89802931-66AC-4AB0-B572-291F50424589}"
EndProject
Project("{FAE04EC0-301F-11D3-BF4B-00C04F79EFBC}") = "SelectionStatements", "SelectionStatements\SelectionStatements.csproj", "{1287CD45-4646-43AC-A88C-F24036483230}"
EndProject
Global
	GlobalSection(SolutionConfigurationPlatforms) = preSolution
		Debug|Any CPU = Debug|Any CPU
		Release|Any CPU = Release|Any CPU
	EndGlobalSection
	GlobalSection(SolutionProperties) = preSolution
		HideSolutionNode = FALSE
	EndGlobalSection
	GlobalSection(ProjectConfigurationPlatforms) = postSolution
		{89802931-66AC-4AB0-B572-291F50424589}.Debug|Any CPU.ActiveCfg = Debug|Any CPU
		{89802931-66AC-4AB0-B572-291F50424589}.Debug|Any CPU.Build.0 = Debug|Any CPU
		{89802931-66AC-4AB0-B572-291F50424589}.Release|Any CPU.ActiveCfg = Release|Any CPU
		{89802931-66AC-4AB0-B572-291F50424589}.Release|Any CPU.Build.0 = Release|Any CPU
		{1287CD45-4646-43AC-A88C-F24036483230}.Debug|Any CPU.ActiveCfg = Debug|Any CPU
		{1287CD45-4646-43AC-A88C-F24036483230}.Debug|Any CPU.Build.0 = Debug|Any CPU
		{1287CD45-4646-43AC-A88C-F24036483230}.Release|Any CPU.ActiveCfg = Release|Any CPU
		{1287CD45-4646-43AC-A88C-F24036483230}.Release|Any CPU.Build.0 = Release|Any CPU
	EndGlobalSection
EndGlobal
