
Microsoft Visual Studio Solution File, Format Version 12.00
# Visual Studio Version 17
VisualStudioVersion = 17.0.31903.59
MinimumVisualStudioVersion = 10.0.40219.1
Project("{FAE04EC0-301F-11D3-BF4B-00C04F79EFBC}") = "PacktLibraryNetStandard2", "PacktLibraryNetStandard2\PacktLibraryNetStandard2.csproj", "{F03F337D-C41E-4F09-BFE7-956999575B09}"
EndProject
Project("{FAE04EC0-301F-11D3-BF4B-00C04F79EFBC}") = "PeopleApp", "PeopleApp\PeopleApp.csproj", "{139037DF-CB9C-47F5-A26D-ACEDB772108D}"
EndProject
Project("{FAE04EC0-301F-11D3-BF4B-00C04F79EFBC}") = "PacktLibraryModern", "PacktLibraryModern\PacktLibraryModern.csproj", "{547E2511-6689-4E09-B140-9B5536517C72}"
EndProject
Global
	GlobalSection(SolutionConfigurationPlatforms) = preSolution
		Debug|Any CPU = Debug|Any CPU
		Release|Any CPU = Release|Any CPU
	EndGlobalSection
	GlobalSection(SolutionProperties) = preSolution
		HideSolutionNode = FALSE
	EndGlobalSection
	GlobalSection(ProjectConfigurationPlatforms) = postSolution
		{F03F337D-C41E-4F09-BFE7-956999575B09}.Debug|Any CPU.ActiveCfg = Debug|Any CPU
		{F03F337D-C41E-4F09-BFE7-956999575B09}.Debug|Any CPU.Build.0 = Debug|Any CPU
		{F03F337D-C41E-4F09-BFE7-956999575B09}.Release|Any CPU.ActiveCfg = Release|Any CPU
		{F03F337D-C41E-4F09-BFE7-956999575B09}.Release|Any CPU.Build.0 = Release|Any CPU
		{139037DF-CB9C-47F5-A26D-ACEDB772108D}.Debug|Any CPU.ActiveCfg = Debug|Any CPU
		{139037DF-CB9C-47F5-A26D-ACEDB772108D}.Debug|Any CPU.Build.0 = Debug|Any CPU
		{139037DF-CB9C-47F5-A26D-ACEDB772108D}.Release|Any CPU.ActiveCfg = Release|Any CPU
		{139037DF-CB9C-47F5-A26D-ACEDB772108D}.Release|Any CPU.Build.0 = Release|Any CPU
		{547E2511-6689-4E09-B140-9B5536517C72}.Debug|Any CPU.ActiveCfg = Debug|Any CPU
		{547E2511-6689-4E09-B140-9B5536517C72}.Debug|Any CPU.Build.0 = Debug|Any CPU
		{547E2511-6689-4E09-B140-9B5536517C72}.Release|Any CPU.ActiveCfg = Release|Any CPU
		{547E2511-6689-4E09-B140-9B5536517C72}.Release|Any CPU.Build.0 = Release|Any CPU
	EndGlobalSection
EndGlobal
